
Microsoft Visual Studio Solution File, Format Version 12.00
# Visual Studio Version 17
VisualStudioVersion = 17.10.35013.160
MinimumVisualStudioVersion = 10.0.40219.1
Project("{9A19103F-16F7-4668-BE54-9A1E7A4F7556}") = "Pride", "Pride\Pride.csproj", "{7962E5BA-01D9-4BA9-9B47-334CB824CADC}"
EndProject
Global
	GlobalSection(SolutionConfigurationPlatforms) = preSolution
		Debug|Any CPU = Debug|Any CPU
		Release|Any CPU = Release|Any CPU
	EndGlobalSection
	GlobalSection(ProjectConfigurationPlatforms) = postSolution
		{7962E5BA-01D9-4BA9-9B47-334CB824CADC}.Debug|Any CPU.ActiveCfg = Debug|Any CPU
		{7962E5BA-01D9-4BA9-9B47-334CB824CADC}.Debug|Any CPU.Build.0 = Debug|Any CPU
		{7962E5BA-01D9-4BA9-9B47-334CB824CADC}.Release|Any CPU.ActiveCfg = Release|Any CPU
		{7962E5BA-01D9-4BA9-9B47-334CB824CADC}.Release|Any CPU.Build.0 = Release|Any CPU
	EndGlobalSection
	GlobalSection(SolutionProperties) = preSolution
		HideSolutionNode = FALSE
	EndGlobalSection
	GlobalSection(ExtensibilityGlobals) = postSolution
		SolutionGuid = {94EEAE69-6021-4114-A280-6FE4720F1AC5}
	EndGlobalSection
EndGlobal
